{
	"name": "@typescript-sprint/helloworld",
	"version": "0.0.0",
	"lockfileVersion": 1,
	"requires": true,
	"dependencies": {
		"@types/node": {
			"version": "11.9.5",
			"resolved": "http://registry.npm.taobao.org/@types/node/download/@types/node-11.9.5.tgz",
			"integrity": "sha1-AR7s6dP4OagGtjlz4ij4WWe3ntM=",
			"dev": true
		}
	}
}
